
Microsoft Visual Studio Solution File, Format Version 12.00
# Visual Studio Version 16
VisualStudioVersion = 16.0.30711.63
MinimumVisualStudioVersion = 10.0.40219.1
Project("{9A19103F-16F7-4668-BE54-9A1E7A4F7556}") = "ForTheRecord", "ForTheRecord\ForTheRecord\ForTheRecord.csproj", "{221D8D96-03F4-42CD-88FE-46E46C7CEF3E}"
EndProject
Project("{9A19103F-16F7-4668-BE54-9A1E7A4F7556}") = "ForTheRecord.Vsix", "ForTheRecord\ForTheRecord.Vsix\ForTheRecord.Vsix.csproj", "{8408F0B8-1239-4335-A9F6-58D6CC7B963A}"
EndProject
Project("{9A19103F-16F7-4668-BE54-9A1E7A4F7556}") = "ForTheRecord.UnitTests", "ForTheRecord.UnitTests\ForTheRecord.UnitTests.csproj", "{33321608-9900-4DE0-88E8-4B5DB5BE9FB1}"
EndProject
Global
	GlobalSection(SolutionConfigurationPlatforms) = preSolution
		Debug|Any CPU = Debug|Any CPU
		Release|Any CPU = Release|Any CPU
	EndGlobalSection
	GlobalSection(ProjectConfigurationPlatforms) = postSolution
		{221D8D96-03F4-42CD-88FE-46E46C7CEF3E}.Debug|Any CPU.ActiveCfg = Debug|Any CPU
		{221D8D96-03F4-42CD-88FE-46E46C7CEF3E}.Debug|Any CPU.Build.0 = Debug|Any CPU
		{221D8D96-03F4-42CD-88FE-46E46C7CEF3E}.Release|Any CPU.ActiveCfg = Release|Any CPU
		{221D8D96-03F4-42CD-88FE-46E46C7CEF3E}.Release|Any CPU.Build.0 = Release|Any CPU
		{8408F0B8-1239-4335-A9F6-58D6CC7B963A}.Debug|Any CPU.ActiveCfg = Debug|Any CPU
		{8408F0B8-1239-4335-A9F6-58D6CC7B963A}.Debug|Any CPU.Build.0 = Debug|Any CPU
		{8408F0B8-1239-4335-A9F6-58D6CC7B963A}.Release|Any CPU.ActiveCfg = Release|Any CPU
		{8408F0B8-1239-4335-A9F6-58D6CC7B963A}.Release|Any CPU.Build.0 = Release|Any CPU
		{33321608-9900-4DE0-88E8-4B5DB5BE9FB1}.Debug|Any CPU.ActiveCfg = Debug|Any CPU
		{33321608-9900-4DE0-88E8-4B5DB5BE9FB1}.Debug|Any CPU.Build.0 = Debug|Any CPU
		{33321608-9900-4DE0-88E8-4B5DB5BE9FB1}.Release|Any CPU.ActiveCfg = Release|Any CPU
		{33321608-9900-4DE0-88E8-4B5DB5BE9FB1}.Release|Any CPU.Build.0 = Release|Any CPU
	EndGlobalSection
	GlobalSection(SolutionProperties) = preSolution
		HideSolutionNode = FALSE
	EndGlobalSection
	GlobalSection(ExtensibilityGlobals) = postSolution
		SolutionGuid = {F7AFA973-8D6D-4F1E-BBAA-284EFD9D558C}
	EndGlobalSection
EndGlobal
